
Microsoft Visual Studio Solution File, Format Version 12.00
# Visual Studio Version 17
VisualStudioVersion = 17.0.31903.59
MinimumVisualStudioVersion = 10.0.40219.1
Project("{2150E333-8FDC-42A3-9474-1A3956D46DE8}") = "src", "src", "{827E0CD3-B72D-47B6-A68D-7590B98EB39B}"
EndProject
Project("{FAE04EC0-301F-11D3-BF4B-00C04F79EFBC}") = "Isotyp.Core", "src\Isotyp.Core\Isotyp.Core.csproj", "{E43DFD06-5605-4CBF-9354-BABDE33257A8}"
EndProject
Project("{FAE04EC0-301F-11D3-BF4B-00C04F79EFBC}") = "Isotyp.Application", "src\Isotyp.Application\Isotyp.Application.csproj", "{768F70FD-B2FE-4B30-9BB3-EA94A6DA76AD}"
EndProject
Project("{FAE04EC0-301F-11D3-BF4B-00C04F79EFBC}") = "Isotyp.Infrastructure", "src\Isotyp.Infrastructure\Isotyp.Infrastructure.csproj", "{FDC5E59C-8C77-4555-9787-CC7B7A6936B7}"
EndProject
Project("{FAE04EC0-301F-11D3-BF4B-00C04F79EFBC}") = "Isotyp.Agent", "src\Isotyp.Agent\Isotyp.Agent.csproj", "{4D032550-3587-4A65-8FD2-A795C514E6C5}"
EndProject
Project("{FAE04EC0-301F-11D3-BF4B-00C04F79EFBC}") = "Isotyp.Api", "src\Isotyp.Api\Isotyp.Api.csproj", "{7EA3C8FA-6696-4DD2-8380-586647D45A5C}"
EndProject
Project("{2150E333-8FDC-42A3-9474-1A3956D46DE8}") = "tests", "tests", "{0AB3BF05-4346-4AA6-1389-037BE0695223}"
EndProject
Project("{FAE04EC0-301F-11D3-BF4B-00C04F79EFBC}") = "Isotyp.Core.Tests", "tests\Isotyp.Core.Tests\Isotyp.Core.Tests.csproj", "{F0706F2B-0EBF-47EE-8325-3E5CD2B7DD65}"
EndProject
Project("{FAE04EC0-301F-11D3-BF4B-00C04F79EFBC}") = "Isotyp.Application.Tests", "tests\Isotyp.Application.Tests\Isotyp.Application.Tests.csproj", "{2E5A4723-1340-4969-8574-B2ABCC84869C}"
EndProject
Global
	GlobalSection(SolutionConfigurationPlatforms) = preSolution
		Debug|Any CPU = Debug|Any CPU
		Debug|x64 = Debug|x64
		Debug|x86 = Debug|x86
		Release|Any CPU = Release|Any CPU
		Release|x64 = Release|x64
		Release|x86 = Release|x86
	EndGlobalSection
	GlobalSection(ProjectConfigurationPlatforms) = postSolution
		{E43DFD06-5605-4CBF-9354-BABDE33257A8}.Debug|Any CPU.ActiveCfg = Debug|Any CPU
		{E43DFD06-5605-4CBF-9354-BABDE33257A8}.Debug|Any CPU.Build.0 = Debug|Any CPU
		{E43DFD06-5605-4CBF-9354-BABDE33257A8}.Debug|x64.ActiveCfg = Debug|Any CPU
		{E43DFD06-5605-4CBF-9354-BABDE33257A8}.Debug|x64.Build.0 = Debug|Any CPU
		{E43DFD06-5605-4CBF-9354-BABDE33257A8}.Debug|x86.ActiveCfg = Debug|Any CPU
		{E43DFD06-5605-4CBF-9354-BABDE33257A8}.Debug|x86.Build.0 = Debug|Any CPU
		{E43DFD06-5605-4CBF-9354-BABDE33257A8}.Release|Any CPU.ActiveCfg = Release|Any CPU
		{E43DFD06-5605-4CBF-9354-BABDE33257A8}.Release|Any CPU.Build.0 = Release|Any CPU
		{E43DFD06-5605-4CBF-9354-BABDE33257A8}.Release|x64.ActiveCfg = Release|Any CPU
		{E43DFD06-5605-4CBF-9354-BABDE33257A8}.Release|x64.Build.0 = Release|Any CPU
		{E43DFD06-5605-4CBF-9354-BABDE33257A8}.Release|x86.ActiveCfg = Release|Any CPU
		{E43DFD06-5605-4CBF-9354-BABDE33257A8}.Release|x86.Build.0 = Release|Any CPU
		{768F70FD-B2FE-4B30-9BB3-EA94A6DA76AD}.Debug|Any CPU.ActiveCfg = Debug|Any CPU
		{768F70FD-B2FE-4B30-9BB3-EA94A6DA76AD}.Debug|Any CPU.Build.0 = Debug|Any CPU
		{768F70FD-B2FE-4B30-9BB3-EA94A6DA76AD}.Debug|x64.ActiveCfg = Debug|Any CPU
		{768F70FD-B2FE-4B30-9BB3-EA94A6DA76AD}.Debug|x64.Build.0 = Debug|Any CPU
		{768F70FD-B2FE-4B30-9BB3-EA94A6DA76AD}.Debug|x86.ActiveCfg = Debug|Any CPU
		{768F70FD-B2FE-4B30-9BB3-EA94A6DA76AD}.Debug|x86.Build.0 = Debug|Any CPU
		{768F70FD-B2FE-4B30-9BB3-EA94A6DA76AD}.Release|Any CPU.ActiveCfg = Release|Any CPU
		{768F70FD-B2FE-4B30-9BB3-EA94A6DA76AD}.Release|Any CPU.Build.0 = Release|Any CPU
		{768F70FD-B2FE-4B30-9BB3-EA94A6DA76AD}.Release|x64.ActiveCfg = Release|Any CPU
		{768F70FD-B2FE-4B30-9BB3-EA94A6DA76AD}.Release|x64.Build.0 = Release|Any CPU
		{768F70FD-B2FE-4B30-9BB3-EA94A6DA76AD}.Release|x86.ActiveCfg = Release|Any CPU
		{768F70FD-B2FE-4B30-9BB3-EA94A6DA76AD}.Release|x86.Build.0 = Release|Any CPU
		{FDC5E59C-8C77-4555-9787-CC7B7A6936B7}.Debug|Any CPU.ActiveCfg = Debug|Any CPU
		{FDC5E59C-8C77-4555-9787-CC7B7A6936B7}.Debug|Any CPU.Build.0 = Debug|Any CPU
		{FDC5E59C-8C77-4555-9787-CC7B7A6936B7}.Debug|x64.ActiveCfg = Debug|Any CPU
		{FDC5E59C-8C77-4555-9787-CC7B7A6936B7}.Debug|x64.Build.0 = Debug|Any CPU
		{FDC5E59C-8C77-4555-9787-CC7B7A6936B7}.Debug|x86.ActiveCfg = Debug|Any CPU
		{FDC5E59C-8C77-4555-9787-CC7B7A6936B7}.Debug|x86.Build.0 = Debug|Any CPU
		{FDC5E59C-8C77-4555-9787-CC7B7A6936B7}.Release|Any CPU.ActiveCfg = Release|Any CPU
		{FDC5E59C-8C77-4555-9787-CC7B7A6936B7}.Release|Any CPU.Build.0 = Release|Any CPU
		{FDC5E59C-8C77-4555-9787-CC7B7A6936B7}.Release|x64.ActiveCfg = Release|Any CPU
		{FDC5E59C-8C77-4555-9787-CC7B7A6936B7}.Release|x64.Build.0 = Release|Any CPU
		{FDC5E59C-8C77-4555-9787-CC7B7A6936B7}.Release|x86.ActiveCfg = Release|Any CPU
		{FDC5E59C-8C77-4555-9787-CC7B7A6936B7}.Release|x86.Build.0 = Release|Any CPU
		{4D032550-3587-4A65-8FD2-A795C514E6C5}.Debug|Any CPU.ActiveCfg = Debug|Any CPU
		{4D032550-3587-4A65-8FD2-A795C514E6C5}.Debug|Any CPU.Build.0 = Debug|Any CPU
		{4D032550-3587-4A65-8FD2-A795C514E6C5}.Debug|x64.ActiveCfg = Debug|Any CPU
		{4D032550-3587-4A65-8FD2-A795C514E6C5}.Debug|x64.Build.0 = Debug|Any CPU
		{4D032550-3587-4A65-8FD2-A795C514E6C5}.Debug|x86.ActiveCfg = Debug|Any CPU
		{4D032550-3587-4A65-8FD2-A795C514E6C5}.Debug|x86.Build.0 = Debug|Any CPU
		{4D032550-3587-4A65-8FD2-A795C514E6C5}.Release|Any CPU.ActiveCfg = Release|Any CPU
		{4D032550-3587-4A65-8FD2-A795C514E6C5}.Release|Any CPU.Build.0 = Release|Any CPU
		{4D032550-3587-4A65-8FD2-A795C514E6C5}.Release|x64.ActiveCfg = Release|Any CPU
		{4D032550-3587-4A65-8FD2-A795C514E6C5}.Release|x64.Build.0 = Release|Any CPU
		{4D032550-3587-4A65-8FD2-A795C514E6C5}.Release|x86.ActiveCfg = Release|Any CPU
		{4D032550-3587-4A65-8FD2-A795C514E6C5}.Release|x86.Build.0 = Release|Any CPU
		{7EA3C8FA-6696-4DD2-8380-586647D45A5C}.Debug|Any CPU.ActiveCfg = Debug|Any CPU
		{7EA3C8FA-6696-4DD2-8380-586647D45A5C}.Debug|Any CPU.Build.0 = Debug|Any CPU
		{7EA3C8FA-6696-4DD2-8380-586647D45A5C}.Debug|x64.ActiveCfg = Debug|Any CPU
		{7EA3C8FA-6696-4DD2-8380-586647D45A5C}.Debug|x64.Build.0 = Debug|Any CPU
		{7EA3C8FA-6696-4DD2-8380-586647D45A5C}.Debug|x86.ActiveCfg = Debug|Any CPU
		{7EA3C8FA-6696-4DD2-8380-586647D45A5C}.Debug|x86.Build.0 = Debug|Any CPU
		{7EA3C8FA-6696-4DD2-8380-586647D45A5C}.Release|Any CPU.ActiveCfg = Release|Any CPU
		{7EA3C8FA-6696-4DD2-8380-586647D45A5C}.Release|Any CPU.Build.0 = Release|Any CPU
		{7EA3C8FA-6696-4DD2-8380-586647D45A5C}.Release|x64.ActiveCfg = Release|Any CPU
		{7EA3C8FA-6696-4DD2-8380-586647D45A5C}.Release|x64.Build.0 = Release|Any CPU
		{7EA3C8FA-6696-4DD2-8380-586647D45A5C}.Release|x86.ActiveCfg = Release|Any CPU
		{7EA3C8FA-6696-4DD2-8380-586647D45A5C}.Release|x86.Build.0 = Release|Any CPU
		{F0706F2B-0EBF-47EE-8325-3E5CD2B7DD65}.Debug|Any CPU.ActiveCfg = Debug|Any CPU
		{F0706F2B-0EBF-47EE-8325-3E5CD2B7DD65}.Debug|Any CPU.Build.0 = Debug|Any CPU
		{F0706F2B-0EBF-47EE-8325-3E5CD2B7DD65}.Debug|x64.ActiveCfg = Debug|Any CPU
		{F0706F2B-0EBF-47EE-8325-3E5CD2B7DD65}.Debug|x64.Build.0 = Debug|Any CPU
		{F0706F2B-0EBF-47EE-8325-3E5CD2B7DD65}.Debug|x86.ActiveCfg = Debug|Any CPU
		{F0706F2B-0EBF-47EE-8325-3E5CD2B7DD65}.Debug|x86.Build.0 = Debug|Any CPU
		{F0706F2B-0EBF-47EE-8325-3E5CD2B7DD65}.Release|Any CPU.ActiveCfg = Release|Any CPU
		{F0706F2B-0EBF-47EE-8325-3E5CD2B7DD65}.Release|Any CPU.Build.0 = Release|Any CPU
		{F0706F2B-0EBF-47EE-8325-3E5CD2B7DD65}.Release|x64.ActiveCfg = Release|Any CPU
		{F0706F2B-0EBF-47EE-8325-3E5CD2B7DD65}.Release|x64.Build.0 = Release|Any CPU
		{F0706F2B-0EBF-47EE-8325-3E5CD2B7DD65}.Release|x86.ActiveCfg = Release|Any CPU
		{F0706F2B-0EBF-47EE-8325-3E5CD2B7DD65}.Release|x86.Build.0 = Release|Any CPU
		{2E5A4723-1340-4969-8574-B2ABCC84869C}.Debug|Any CPU.ActiveCfg = Debug|Any CPU
		{2E5A4723-1340-4969-8574-B2ABCC84869C}.Debug|Any CPU.Build.0 = Debug|Any CPU
		{2E5A4723-1340-4969-8574-B2ABCC84869C}.Debug|x64.ActiveCfg = Debug|Any CPU
		{2E5A4723-1340-4969-8574-B2ABCC84869C}.Debug|x64.Build.0 = Debug|Any CPU
		{2E5A4723-1340-4969-8574-B2ABCC84869C}.Debug|x86.ActiveCfg = Debug|Any CPU
		{2E5A4723-1340-4969-8574-B2ABCC84869C}.Debug|x86.Build.0 = Debug|Any CPU
		{2E5A4723-1340-4969-8574-B2ABCC84869C}.Release|Any CPU.ActiveCfg = Release|Any CPU
		{2E5A4723-1340-4969-8574-B2ABCC84869C}.Release|Any CPU.Build.0 = Release|Any CPU
		{2E5A4723-1340-4969-8574-B2ABCC84869C}.Release|x64.ActiveCfg = Release|Any CPU
		{2E5A4723-1340-4969-8574-B2ABCC84869C}.Release|x64.Build.0 = Release|Any CPU
		{2E5A4723-1340-4969-8574-B2ABCC84869C}.Release|x86.ActiveCfg = Release|Any CPU
		{2E5A4723-1340-4969-8574-B2ABCC84869C}.Release|x86.Build.0 = Release|Any CPU
	EndGlobalSection
	GlobalSection(SolutionProperties) = preSolution
		HideSolutionNode = FALSE
	EndGlobalSection
	GlobalSection(NestedProjects) = preSolution
		{E43DFD06-5605-4CBF-9354-BABDE33257A8} = {827E0CD3-B72D-47B6-A68D-7590B98EB39B}
		{768F70FD-B2FE-4B30-9BB3-EA94A6DA76AD} = {827E0CD3-B72D-47B6-A68D-7590B98EB39B}
		{FDC5E59C-8C77-4555-9787-CC7B7A6936B7} = {827E0CD3-B72D-47B6-A68D-7590B98EB39B}
		{4D032550-3587-4A65-8FD2-A795C514E6C5} = {827E0CD3-B72D-47B6-A68D-7590B98EB39B}
		{7EA3C8FA-6696-4DD2-8380-586647D45A5C} = {827E0CD3-B72D-47B6-A68D-7590B98EB39B}
		{F0706F2B-0EBF-47EE-8325-3E5CD2B7DD65} = {0AB3BF05-4346-4AA6-1389-037BE0695223}
		{2E5A4723-1340-4969-8574-B2ABCC84869C} = {0AB3BF05-4346-4AA6-1389-037BE0695223}
	EndGlobalSection
EndGlobal
